// !$*UTF8*$!
{
	archiveVersion = 1;
	classes = {
	};
	objectVersion = 56;
	objects = {

/* Begin PBXBuildFile section */
		B001000000000001 /* BoxFraiseApp.swift in Sources */ = {isa = PBXBuildFile; fileRef = A001000000000001 /* BoxFraiseApp.swift */; };
		B001000000000002 /* APIClient.swift in Sources */ = {isa = PBXBuildFile; fileRef = A001000000000005 /* APIClient.swift */; };
		B001000000000003 /* AppState.swift in Sources */ = {isa = PBXBuildFile; fileRef = A001000000000006 /* AppState.swift */; };
		B001000000000004 /* AuthPanel.swift in Sources */ = {isa = PBXBuildFile; fileRef = A001000000000007 /* AuthPanel.swift */; };
		B001000000000005 /* BusinessCallout.swift in Sources */ = {isa = PBXBuildFile; fileRef = A001000000000008 /* BusinessCallout.swift */; };
		B001000000000006 /* ContentView.swift in Sources */ = {isa = PBXBuildFile; fileRef = A001000000000009 /* ContentView.swift */; };
		B001000000000007 /* HomePanel.swift in Sources */ = {isa = PBXBuildFile; fileRef = A00100000000000A /* HomePanel.swift */; };
		B001000000000008 /* Keychain.swift in Sources */ = {isa = PBXBuildFile; fileRef = A00100000000000B /* Keychain.swift */; };
		B001000000000009 /* Models.swift in Sources */ = {isa = PBXBuildFile; fileRef = A00100000000000C /* Models.swift */; };
		B00100000000000A /* NFCVerifyPanel.swift in Sources */ = {isa = PBXBuildFile; fileRef = A00100000000000D /* NFCVerifyPanel.swift */; };
		B00100000000000B /* OrderHistoryPanel.swift in Sources */ = {isa = PBXBuildFile; fileRef = A00100000000000E /* OrderHistoryPanel.swift */; };
		B00100000000000C /* OrderPanel.swift in Sources */ = {isa = PBXBuildFile; fileRef = A00100000000000F /* OrderPanel.swift */; };
		B00100000000000D /* PartnerDetailPanel.swift in Sources */ = {isa = PBXBuildFile; fileRef = A001000000000013 /* PartnerDetailPanel.swift */; };
		B00100000000000E /* PopupsPanel.swift in Sources */ = {isa = PBXBuildFile; fileRef = A001000000000014 /* PopupsPanel.swift */; };
		B00100000000000F /* ProfilePanel.swift in Sources */ = {isa = PBXBuildFile; fileRef = A001000000000015 /* ProfilePanel.swift */; };
		B001000000000013 /* Security.swift in Sources */ = {isa = PBXBuildFile; fileRef = A001000000000016 /* Security.swift */; };
		B001000000000014 /* StaffPanel.swift in Sources */ = {isa = PBXBuildFile; fileRef = A001000000000017 /* StaffPanel.swift */; };
		B001000000000015 /* Theme.swift in Sources */ = {isa = PBXBuildFile; fileRef = A001000000000018 /* Theme.swift */; };
		B001000000000016 /* WalkInPanel.swift in Sources */ = {isa = PBXBuildFile; fileRef = A001000000000019 /* WalkInPanel.swift */; };
		B001000000000017 /* Messaging.swift in Sources */ = {isa = PBXBuildFile; fileRef = A00100000000001A /* Messaging.swift */; };
		B001000000000018 /* AppAttest.swift in Sources */ = {isa = PBXBuildFile; fileRef = A00100000000001B /* AppAttest.swift */; };
		B001000000000019 /* LiveActivityBridge.swift in Sources */ = {isa = PBXBuildFile; fileRef = A00100000000001C /* LiveActivityBridge.swift */; };
		B00100000000001A /* StandingOrdersPanel.swift in Sources */ = {isa = PBXBuildFile; fileRef = A00100000000001D /* StandingOrdersPanel.swift */; };
		B00100000000001B /* FraiseInboxPanel.swift in Sources */ = {isa = PBXBuildFile; fileRef = A00100000000001E /* FraiseInboxPanel.swift */; };
		B00100000000001C /* ReferralsPanel.swift in Sources */ = {isa = PBXBuildFile; fileRef = A00100000000001F /* ReferralsPanel.swift */; };
/* End PBXBuildFile section */

/* Begin PBXFileReference section */
		A001000000000001 /* BoxFraiseApp.swift */ = {isa = PBXFileReference; lastKnownFileType = sourcecode.swift; path = BoxFraiseApp.swift; sourceTree = "<group>"; };
		A001000000000002 /* BoxFraise.app */ = {isa = PBXFileReference; explicitFileType = wrapper.application; includeInIndex = 0; path = BoxFraise.app; sourceTree = BUILT_PRODUCTS_DIR; };
		A001000000000003 /* BoxFraise.entitlements */ = {isa = PBXFileReference; lastKnownFileType = text.plist.entitlements; path = BoxFraise.entitlements; sourceTree = "<group>"; };
		A001000000000004 /* Info.plist */ = {isa = PBXFileReference; lastKnownFileType = text.plist.xml; path = Info.plist; sourceTree = "<group>"; };
		A001000000000005 /* APIClient.swift */ = {isa = PBXFileReference; lastKnownFileType = sourcecode.swift; path = APIClient.swift; sourceTree = "<group>"; };
		A001000000000006 /* AppState.swift */ = {isa = PBXFileReference; lastKnownFileType = sourcecode.swift; path = AppState.swift; sourceTree = "<group>"; };
		A001000000000007 /* AuthPanel.swift */ = {isa = PBXFileReference; lastKnownFileType = sourcecode.swift; path = AuthPanel.swift; sourceTree = "<group>"; };
		A001000000000008 /* BusinessCallout.swift */ = {isa = PBXFileReference; lastKnownFileType = sourcecode.swift; path = BusinessCallout.swift; sourceTree = "<group>"; };
		A001000000000009 /* ContentView.swift */ = {isa = PBXFileReference; lastKnownFileType = sourcecode.swift; path = ContentView.swift; sourceTree = "<group>"; };
		A00100000000000A /* HomePanel.swift */ = {isa = PBXFileReference; lastKnownFileType = sourcecode.swift; path = HomePanel.swift; sourceTree = "<group>"; };
		A00100000000000B /* Keychain.swift */ = {isa = PBXFileReference; lastKnownFileType = sourcecode.swift; path = Keychain.swift; sourceTree = "<group>"; };
		A00100000000000C /* Models.swift */ = {isa = PBXFileReference; lastKnownFileType = sourcecode.swift; path = Models.swift; sourceTree = "<group>"; };
		A00100000000000D /* NFCVerifyPanel.swift */ = {isa = PBXFileReference; lastKnownFileType = sourcecode.swift; path = NFCVerifyPanel.swift; sourceTree = "<group>"; };
		A00100000000000E /* OrderHistoryPanel.swift */ = {isa = PBXFileReference; lastKnownFileType = sourcecode.swift; path = OrderHistoryPanel.swift; sourceTree = "<group>"; };
		A00100000000000F /* OrderPanel.swift */ = {isa = PBXFileReference; lastKnownFileType = sourcecode.swift; path = OrderPanel.swift; sourceTree = "<group>"; };
		A001000000000013 /* PartnerDetailPanel.swift */ = {isa = PBXFileReference; lastKnownFileType = sourcecode.swift; path = PartnerDetailPanel.swift; sourceTree = "<group>"; };
		A001000000000014 /* PopupsPanel.swift */ = {isa = PBXFileReference; lastKnownFileType = sourcecode.swift; path = PopupsPanel.swift; sourceTree = "<group>"; };
		A001000000000015 /* ProfilePanel.swift */ = {isa = PBXFileReference; lastKnownFileType = sourcecode.swift; path = ProfilePanel.swift; sourceTree = "<group>"; };
		A001000000000016 /* Security.swift */ = {isa = PBXFileReference; lastKnownFileType = sourcecode.swift; path = Security.swift; sourceTree = "<group>"; };
		A001000000000017 /* StaffPanel.swift */ = {isa = PBXFileReference; lastKnownFileType = sourcecode.swift; path = StaffPanel.swift; sourceTree = "<group>"; };
		A001000000000018 /* Theme.swift */ = {isa = PBXFileReference; lastKnownFileType = sourcecode.swift; path = Theme.swift; sourceTree = "<group>"; };
		A001000000000019 /* WalkInPanel.swift */ = {isa = PBXFileReference; lastKnownFileType = sourcecode.swift; path = WalkInPanel.swift; sourceTree = "<group>"; };
		A00100000000001A /* Messaging.swift */ = {isa = PBXFileReference; lastKnownFileType = sourcecode.swift; path = Messaging.swift; sourceTree = "<group>"; };
		A00100000000001B /* AppAttest.swift */ = {isa = PBXFileReference; lastKnownFileType = sourcecode.swift; path = AppAttest.swift; sourceTree = "<group>"; };
		A00100000000001C /* LiveActivityBridge.swift */ = {isa = PBXFileReference; lastKnownFileType = sourcecode.swift; path = LiveActivityBridge.swift; sourceTree = "<group>"; };
		A00100000000001D /* StandingOrdersPanel.swift */ = {isa = PBXFileReference; lastKnownFileType = sourcecode.swift; path = StandingOrdersPanel.swift; sourceTree = "<group>"; };
		A00100000000001E /* FraiseInboxPanel.swift */ = {isa = PBXFileReference; lastKnownFileType = sourcecode.swift; path = FraiseInboxPanel.swift; sourceTree = "<group>"; };
		A00100000000001F /* ReferralsPanel.swift */ = {isa = PBXFileReference; lastKnownFileType = sourcecode.swift; path = ReferralsPanel.swift; sourceTree = "<group>"; };
/* End PBXFileReference section */

/* Begin PBXGroup section */
		A001000000000010 /* BoxFraise */ = {
			isa = PBXGroup;
			children = (
				A001000000000001 /* BoxFraiseApp.swift */,
				A001000000000005 /* APIClient.swift */,
				A001000000000006 /* AppState.swift */,
				A001000000000007 /* AuthPanel.swift */,
				A001000000000008 /* BusinessCallout.swift */,
				A001000000000009 /* ContentView.swift */,
				A00100000000000A /* HomePanel.swift */,
				A00100000000000B /* Keychain.swift */,
				A00100000000000C /* Models.swift */,
				A00100000000000D /* NFCVerifyPanel.swift */,
				A00100000000000E /* OrderHistoryPanel.swift */,
				A00100000000000F /* OrderPanel.swift */,
				A001000000000013 /* PartnerDetailPanel.swift */,
				A001000000000014 /* PopupsPanel.swift */,
				A001000000000015 /* ProfilePanel.swift */,
				A001000000000016 /* Security.swift */,
				A001000000000017 /* StaffPanel.swift */,
				A001000000000018 /* Theme.swift */,
				A001000000000019 /* WalkInPanel.swift */,
				A00100000000001A /* Messaging.swift */,
				A00100000000001B /* AppAttest.swift */,
				A00100000000001C /* LiveActivityBridge.swift */,
				A00100000000001D /* StandingOrdersPanel.swift */,
				A00100000000001E /* FraiseInboxPanel.swift */,
				A00100000000001F /* ReferralsPanel.swift */,
				A001000000000003 /* BoxFraise.entitlements */,
				A001000000000004 /* Info.plist */,
			);
			path = BoxFraise;
			sourceTree = "<group>";
		};
		A001000000000011 /* Products */ = {
			isa = PBXGroup;
			children = (
				A001000000000002 /* BoxFraise.app */,
			);
			name = Products;
			sourceTree = "<group>";
		};
		A001000000000012 /* root */ = {
			isa = PBXGroup;
			children = (
				A001000000000010 /* BoxFraise */,
				A001000000000011 /* Products */,
			);
			sourceTree = "<group>";
		};
/* End PBXGroup section */

/* Begin PBXNativeTarget section */
		A001000000000020 /* BoxFraise */ = {
			isa = PBXNativeTarget;
			buildConfigurationList = A001000000000031 /* Build configuration list for PBXNativeTarget "BoxFraise" */;
			buildPhases = (
				A001000000000021 /* Sources */,
			);
			buildRules = (
			);
			dependencies = (
			);
			name = BoxFraise;
			productName = BoxFraise;
			productReference = A001000000000002 /* BoxFraise.app */;
			productType = "com.apple.product-type.application";
		};
/* End PBXNativeTarget section */

/* Begin PBXProject section */
		A001000000000030 /* Project object */ = {
			isa = PBXProject;
			attributes = {
				BuildIndependentTargetsInParallel = 1;
				LastSwiftUpdateCheck = 1600;
				LastUpgradeCheck = 1600;
				TargetAttributes = {
					A001000000000020 = {
						CreatedOnToolsVersion = 16.0;
					};
				};
			};
			buildConfigurationList = A001000000000032 /* Build configuration list for PBXProject "BoxFraise" */;
			compatibilityVersion = "Xcode 14.0";
			developmentRegion = en;
			hasScannedForEncodings = 0;
			knownRegions = (
				en,
				Base,
			);
			mainGroup = A001000000000012;
			productRefGroup = A001000000000011 /* Products */;
			projectDirPath = "";
			projectRoot = "";
			targets = (
				A001000000000020 /* BoxFraise */,
			);
		};
/* End PBXProject section */

/* Begin PBXSourcesBuildPhase section */
		A001000000000021 /* Sources */ = {
			isa = PBXSourcesBuildPhase;
			buildActionMask = 2147483647;
			files = (
				B001000000000001 /* BoxFraiseApp.swift in Sources */,
				B001000000000002 /* APIClient.swift in Sources */,
				B001000000000003 /* AppState.swift in Sources */,
				B001000000000004 /* AuthPanel.swift in Sources */,
				B001000000000005 /* BusinessCallout.swift in Sources */,
				B001000000000006 /* ContentView.swift in Sources */,
				B001000000000007 /* HomePanel.swift in Sources */,
				B001000000000008 /* Keychain.swift in Sources */,
				B001000000000009 /* Models.swift in Sources */,
				B00100000000000A /* NFCVerifyPanel.swift in Sources */,
				B00100000000000B /* OrderHistoryPanel.swift in Sources */,
				B00100000000000C /* OrderPanel.swift in Sources */,
				B00100000000000D /* PartnerDetailPanel.swift in Sources */,
				B00100000000000E /* PopupsPanel.swift in Sources */,
				B00100000000000F /* ProfilePanel.swift in Sources */,
				B001000000000013 /* Security.swift in Sources */,
				B001000000000014 /* StaffPanel.swift in Sources */,
				B001000000000015 /* Theme.swift in Sources */,
				B001000000000016 /* WalkInPanel.swift in Sources */,
				B001000000000017 /* Messaging.swift in Sources */,
				B001000000000018 /* AppAttest.swift in Sources */,
				B001000000000019 /* LiveActivityBridge.swift in Sources */,
				B00100000000001A /* StandingOrdersPanel.swift in Sources */,
				B00100000000001B /* FraiseInboxPanel.swift in Sources */,
				B00100000000001C /* ReferralsPanel.swift in Sources */,
			);
			runOnlyForDeploymentPostprocessing = 0;
		};
/* End PBXSourcesBuildPhase section */

/* Begin XCBuildConfiguration section */
		A001000000000040 /* Debug */ = {
			isa = XCBuildConfiguration;
			buildSettings = {
				ALWAYS_SEARCH_USER_PATHS = NO;
				ASSETCATALOG_COMPILER_GENERATE_SWIFT_ASSET_SYMBOL_EXTENSIONS = YES;
				CLANG_ANALYZER_NONNULL = YES;
				CLANG_CXX_LANGUAGE_STANDARD = "gnu++20";
				CLANG_ENABLE_MODULES = YES;
				CLANG_ENABLE_OBJC_ARC = YES;
				CLANG_ENABLE_OBJC_WEAK = YES;
				COPY_PHASE_STRIP = NO;
				DEBUG_INFORMATION_FORMAT = dwarf;
				ENABLE_STRICT_OBJC_MSGSEND = YES;
				ENABLE_TESTABILITY = YES;
				ENABLE_USER_SCRIPT_SANDBOXING = YES;
				GCC_C_LANGUAGE_STANDARD = gnu17;
				GCC_DYNAMIC_NO_PIC = NO;
				GCC_NO_COMMON_BLOCKS = YES;
				GCC_OPTIMIZATION_LEVEL = 0;
				GCC_PREPROCESSOR_DEFINITIONS = (
					"DEBUG=1",
					"$(inherited)",
				);
				GCC_WARN_64_TO_32_BIT_CONVERSION = YES;
				GCC_WARN_ABOUT_RETURN_TYPE = YES_ERROR;
				GCC_WARN_UNDECLARED_SELECTOR = YES;
				GCC_WARN_UNINITIALIZED_AUTOS = YES_AGGRESSIVE;
				GCC_WARN_UNUSED_FUNCTION = YES;
				GCC_WARN_UNUSED_VARIABLE = YES;
				IPHONEOS_DEPLOYMENT_TARGET = 17.0;
				LOCALIZATION_PREFERS_STRING_CATALOGS = YES;
				MTL_ENABLE_DEBUG_INFO = INCLUDE_SOURCE;
				MTL_FAST_MATH = YES;
				ONLY_ACTIVE_ARCH = YES;
				SDKROOT = iphoneos;
				SWIFT_ACTIVE_COMPILATION_CONDITIONS = "DEBUG $(inherited)";
				SWIFT_OPTIMIZATION_LEVEL = "-Onone";
			};
			name = Debug;
		};
		A001000000000041 /* Release */ = {
			isa = XCBuildConfiguration;
			buildSettings = {
				ALWAYS_SEARCH_USER_PATHS = NO;
				ASSETCATALOG_COMPILER_GENERATE_SWIFT_ASSET_SYMBOL_EXTENSIONS = YES;
				CLANG_ANALYZER_NONNULL = YES;
				CLANG_CXX_LANGUAGE_STANDARD = "gnu++20";
				CLANG_ENABLE_MODULES = YES;
				CLANG_ENABLE_OBJC_ARC = YES;
				CLANG_ENABLE_OBJC_WEAK = YES;
				COPY_PHASE_STRIP = NO;
				DEBUG_INFORMATION_FORMAT = "dwarf-with-dsym";
				ENABLE_NS_ASSERTIONS = NO;
				ENABLE_STRICT_OBJC_MSGSEND = YES;
				ENABLE_USER_SCRIPT_SANDBOXING = YES;
				GCC_C_LANGUAGE_STANDARD = gnu17;
				GCC_NO_COMMON_BLOCKS = YES;
				GCC_WARN_64_TO_32_BIT_CONVERSION = YES;
				GCC_WARN_ABOUT_RETURN_TYPE = YES_ERROR;
				GCC_WARN_UNDECLARED_SELECTOR = YES;
				GCC_WARN_UNINITIALIZED_AUTOS = YES_AGGRESSIVE;
				GCC_WARN_UNUSED_FUNCTION = YES;
				GCC_WARN_UNUSED_VARIABLE = YES;
				IPHONEOS_DEPLOYMENT_TARGET = 17.0;
				LOCALIZATION_PREFERS_STRING_CATALOGS = YES;
				MTL_FAST_MATH = YES;
				SDKROOT = iphoneos;
				SWIFT_COMPILATION_MODE = wholemodule;
				VALIDATE_PRODUCT = YES;
			};
			name = Release;
		};
		A001000000000042 /* Debug */ = {
			isa = XCBuildConfiguration;
			buildSettings = {
				CODE_SIGN_ENTITLEMENTS = BoxFraise/BoxFraise.entitlements;
				CODE_SIGN_STYLE = Automatic;
				CURRENT_PROJECT_VERSION = 1;
				DEVELOPMENT_TEAM = "";
				INFOPLIST_FILE = BoxFraise/Info.plist;
				IPHONEOS_DEPLOYMENT_TARGET = 17.0;
				MARKETING_VERSION = 1.0;
				PRODUCT_BUNDLE_IDENTIFIER = com.boxfraise.app;
				PRODUCT_NAME = BoxFraise;
				SUPPORTED_PLATFORMS = iphoneos;
				SUPPORTS_MACCATALYST = NO;
				SWIFT_VERSION = 5.9;
				TARGETED_DEVICE_FAMILY = 1;
			};
			name = Debug;
		};
		A001000000000043 /* Release */ = {
			isa = XCBuildConfiguration;
			buildSettings = {
				CODE_SIGN_ENTITLEMENTS = BoxFraise/BoxFraise.entitlements;
				CODE_SIGN_STYLE = Automatic;
				CURRENT_PROJECT_VERSION = 1;
				DEVELOPMENT_TEAM = "";
				INFOPLIST_FILE = BoxFraise/Info.plist;
				IPHONEOS_DEPLOYMENT_TARGET = 17.0;
				MARKETING_VERSION = 1.0;
				PRODUCT_BUNDLE_IDENTIFIER = com.boxfraise.app;
				PRODUCT_NAME = BoxFraise;
				SUPPORTED_PLATFORMS = iphoneos;
				SUPPORTS_MACCATALYST = NO;
				SWIFT_VERSION = 5.9;
				TARGETED_DEVICE_FAMILY = 1;
			};
			name = Release;
		};
/* End XCBuildConfiguration section */

/* Begin XCConfigurationList section */
		A001000000000031 /* Build configuration list for PBXNativeTarget "BoxFraise" */ = {
			isa = XCConfigurationList;
			buildConfigurations = (
				A001000000000042 /* Debug */,
				A001000000000043 /* Release */,
			);
			defaultConfigurationIsVisible = 0;
			defaultConfigurationName = Release;
		};
		A001000000000032 /* Build configuration list for PBXProject "BoxFraise" */ = {
			isa = XCConfigurationList;
			buildConfigurations = (
				A001000000000040 /* Debug */,
				A001000000000041 /* Release */,
			);
			defaultConfigurationIsVisible = 0;
			defaultConfigurationName = Release;
		};
/* End XCConfigurationList section */

	};
	rootObject = A001000000000030 /* Project object */;
}
